
Microsoft Visual Studio Solution File, Format Version 12.00
# Visual Studio Version 17
VisualStudioVersion = 17.4.33213.308
MinimumVisualStudioVersion = 10.0.40219.1
Project("{FAE04EC0-301F-11D3-BF4B-00C04F79EFBC}") = "cimbar.gui", "cimbar.gui\cimbar.gui.csproj", "{8FF6A4B9-FDBB-44DC-9323-3B7D26D2022B}"
EndProject
Project("{FAE04EC0-301F-11D3-BF4B-00C04F79EFBC}") = "cimbar.lib", "cimbar.lib\cimbar.lib.csproj", "{4E6DC44F-6589-474B-973E-AC3330D695B3}"
EndProject
Global
	GlobalSection(SolutionConfigurationPlatforms) = preSolution
		Debug|Any CPU = Debug|Any CPU
		Release|Any CPU = Release|Any CPU
	EndGlobalSection
	GlobalSection(ProjectConfigurationPlatforms) = postSolution
		{8FF6A4B9-FDBB-44DC-9323-3B7D26D2022B}.Debug|Any CPU.ActiveCfg = Debug|Any CPU
		{8FF6A4B9-FDBB-44DC-9323-3B7D26D2022B}.Debug|Any CPU.Build.0 = Debug|Any CPU
		{8FF6A4B9-FDBB-44DC-9323-3B7D26D2022B}.Release|Any CPU.ActiveCfg = Release|Any CPU
		{8FF6A4B9-FDBB-44DC-9323-3B7D26D2022B}.Release|Any CPU.Build.0 = Release|Any CPU
		{4E6DC44F-6589-474B-973E-AC3330D695B3}.Debug|Any CPU.ActiveCfg = Debug|Any CPU
		{4E6DC44F-6589-474B-973E-AC3330D695B3}.Debug|Any CPU.Build.0 = Debug|Any CPU
		{4E6DC44F-6589-474B-973E-AC3330D695B3}.Release|Any CPU.ActiveCfg = Release|Any CPU
		{4E6DC44F-6589-474B-973E-AC3330D695B3}.Release|Any CPU.Build.0 = Release|Any CPU
	EndGlobalSection
	GlobalSection(SolutionProperties) = preSolution
		HideSolutionNode = FALSE
	EndGlobalSection
	GlobalSection(ExtensibilityGlobals) = postSolution
		SolutionGuid = {3AB1AB6E-26B2-48B7-9098-DAF672886B07}
	EndGlobalSection
EndGlobal
